Microsoft Visual Studio Solution File, Format Version 12.00
# Visual Studio Version 16
VisualStudioVersion = 16.0.29806.167
MinimumVisualStudioVersion = 10.0.40219.1
Project("{2150E333-8FDC-42A3-9474-1A3956D46DE8}") = "_Solution Items", "_Solution Items", "{7C22A2E8-F3FC-4DAE-89AC-1C3C7E5A3C43}"
	ProjectSection(SolutionItems) = preProject
		directory.build.props = directory.build.props
		README.md = README.md
	EndProjectSection
EndProject
Project("{FAE04EC0-301F-11D3-BF4B-00C04F79EFBC}") = "SampleRpg.Wpf", "SampleRpg.Wpf\SampleRpg.Wpf.csproj", "{2D153FF7-F643-4E51-83B2-841536CB50DC}"
EndProject
Project("{9A19103F-16F7-4668-BE54-9A1E7A4F7556}") = "SampleRpg.Engine", "SampleRpg.Engine\SampleRpg.Engine.csproj", "{E88ACAD7-7544-4B89-B6FE-2011F6A88A02}"
EndProject
Global
	GlobalSection(SolutionConfigurationPlatforms) = preSolution
		Debug|Any CPU = Debug|Any CPU
		Release|Any CPU = Release|Any CPU
	EndGlobalSection
	GlobalSection(ProjectConfigurationPlatforms) = postSolution
		{2D153FF7-F643-4E51-83B2-841536CB50DC}.Debug|Any CPU.ActiveCfg = Debug|Any CPU
		{2D153FF7-F643-4E51-83B2-841536CB50DC}.Debug|Any CPU.Build.0 = Debug|Any CPU
		{2D153FF7-F643-4E51-83B2-841536CB50DC}.Release|Any CPU.ActiveCfg = Release|Any CPU
		{2D153FF7-F643-4E51-83B2-841536CB50DC}.Release|Any CPU.Build.0 = Release|Any CPU
		{E88ACAD7-7544-4B89-B6FE-2011F6A88A02}.Debug|Any CPU.ActiveCfg = Debug|Any CPU
		{E88ACAD7-7544-4B89-B6FE-2011F6A88A02}.Debug|Any CPU.Build.0 = Debug|Any CPU
		{E88ACAD7-7544-4B89-B6FE-2011F6A88A02}.Release|Any CPU.ActiveCfg = Release|Any CPU
		{E88ACAD7-7544-4B89-B6FE-2011F6A88A02}.Release|Any CPU.Build.0 = Release|Any CPU
	EndGlobalSection
	GlobalSection(SolutionProperties) = preSolution
		HideSolutionNode = FALSE
	EndGlobalSection
	GlobalSection(ExtensibilityGlobals) = postSolution
		SolutionGuid = {D41D9803-6CF0-42B4-A67F-5F19B8F70428}
	EndGlobalSection
EndGlobal
